
Microsoft Visual Studio Solution File, Format Version 12.00
# Visual Studio Version 17
VisualStudioVersion = 17.7.34221.43
MinimumVisualStudioVersion = 10.0.40219.1
Project("{9A19103F-16F7-4668-BE54-9A1E7A4F7556}") = "Hospital2", "Hospital2\Hospital2.csproj", "{086E7B61-E750-45B6-A9D0-DD278C0C174D}"
EndProject
Project("{00D1A9C2-B5F0-4AF3-8072-F6C62B433612}") = "Hospital2.Database", "Hospital2.Database\Hospital2.Database.sqlproj", "{639968D6-1F3D-4FBB-8F17-C78BFAB33E86}"
EndProject
Global
	GlobalSection(SolutionConfigurationPlatforms) = preSolution
		Debug|Any CPU = Debug|Any CPU
		Release|Any CPU = Release|Any CPU
	EndGlobalSection
	GlobalSection(ProjectConfigurationPlatforms) = postSolution
		{086E7B61-E750-45B6-A9D0-DD278C0C174D}.Debug|Any CPU.ActiveCfg = Debug|Any CPU
		{086E7B61-E750-45B6-A9D0-DD278C0C174D}.Debug|Any CPU.Build.0 = Debug|Any CPU
		{086E7B61-E750-45B6-A9D0-DD278C0C174D}.Release|Any CPU.ActiveCfg = Release|Any CPU
		{086E7B61-E750-45B6-A9D0-DD278C0C174D}.Release|Any CPU.Build.0 = Release|Any CPU
		{639968D6-1F3D-4FBB-8F17-C78BFAB33E86}.Debug|Any CPU.ActiveCfg = Debug|Any CPU
		{639968D6-1F3D-4FBB-8F17-C78BFAB33E86}.Debug|Any CPU.Build.0 = Debug|Any CPU
		{639968D6-1F3D-4FBB-8F17-C78BFAB33E86}.Debug|Any CPU.Deploy.0 = Debug|Any CPU
		{639968D6-1F3D-4FBB-8F17-C78BFAB33E86}.Release|Any CPU.ActiveCfg = Release|Any CPU
		{639968D6-1F3D-4FBB-8F17-C78BFAB33E86}.Release|Any CPU.Build.0 = Release|Any CPU
		{639968D6-1F3D-4FBB-8F17-C78BFAB33E86}.Release|Any CPU.Deploy.0 = Release|Any CPU
	EndGlobalSection
	GlobalSection(SolutionProperties) = preSolution
		HideSolutionNode = FALSE
	EndGlobalSection
	GlobalSection(ExtensibilityGlobals) = postSolution
		SolutionGuid = {9EFC0307-6EB7-4157-89BD-09CA93C852B2}
	EndGlobalSection
EndGlobal
